# THIS IS AN AUTOGENERATED FILE. DO NOT EDIT THIS FILE DIRECTLY.
# yarn lockfile v1


"@types/node@^10.5.6":
  version "10.14.19"
  resolved "https://registry.yarnpkg.com/@types/node/-/node-10.14.19.tgz#f52742c7834a815dedf66edfc8a51547e2a67342"
  integrity sha512-j6Sqt38ssdMKutXBUuAcmWF8QtHW1Fwz/mz4Y+Wd9mzpBiVFirjpNQf363hG5itkG+yGaD+oiLyb50HxJ36l9Q==
