# THIS IS AN AUTOGENERATED FILE. DO NOT EDIT THIS FILE DIRECTLY.
# yarn lockfile v1


"@types/node@^10.5.6":
  version "10.14.17"
  resolved "https://registry.yarnpkg.com/@types/node/-/node-10.14.17.tgz#b96d4dd3e427382482848948041d3754d40fd5ce"
  integrity sha512-p/sGgiPaathCfOtqu2fx5Mu1bcjuP8ALFg4xpGgNkcin7LwRyzUKniEHBKdcE1RPsenq5JVPIpMTJSygLboygQ==
